
Microsoft Visual Studio Solution File, Format Version 12.00
# Visual Studio Version 16
VisualStudioVersion = 16.0.30204.135
MinimumVisualStudioVersion = 10.0.40219.1
Project("{FAE04EC0-301F-11D3-BF4B-00C04F79EFBC}") = "OB_ABITAX_FindXML", "OB_ABITAX_FindXML\OB_ABITAX_FindXML.csproj", "{E5B00C4D-74CF-4F97-9853-BB7B5507517B}"
EndProject
Global
	GlobalSection(SolutionConfigurationPlatforms) = preSolution
		Debug|Any CPU = Debug|Any CPU
		Release|Any CPU = Release|Any CPU
	EndGlobalSection
	GlobalSection(ProjectConfigurationPlatforms) = postSolution
		{E5B00C4D-74CF-4F97-9853-BB7B5507517B}.Debug|Any CPU.ActiveCfg = Debug|Any CPU
		{E5B00C4D-74CF-4F97-9853-BB7B5507517B}.Debug|Any CPU.Build.0 = Debug|Any CPU
		{E5B00C4D-74CF-4F97-9853-BB7B5507517B}.Release|Any CPU.ActiveCfg = Release|Any CPU
		{E5B00C4D-74CF-4F97-9853-BB7B5507517B}.Release|Any CPU.Build.0 = Release|Any CPU
	EndGlobalSection
	GlobalSection(SolutionProperties) = preSolution
		HideSolutionNode = FALSE
	EndGlobalSection
	GlobalSection(ExtensibilityGlobals) = postSolution
		SolutionGuid = {B4F80674-F905-443D-ADC8-068C8D14171A}
	EndGlobalSection
EndGlobal
